
Microsoft Visual Studio Solution File, Format Version 11.00
# Visual Studio 2010
Project("{8BC9CEB8-8B4A-11D0-8D11-00A0C91BC942}") = "dna", "dna\dna.vcxproj", "{888AAA01-F58E-4E41-8BBB-78294D9DABF7}"
	ProjectSection(ProjectDependencies) = postProject
		{E8C90D0B-0F97-485C-8765-FC14202EF252} = {E8C90D0B-0F97-485C-8765-FC14202EF252}
		{57C7F62E-E90A-4925-8D20-1D577F198179} = {57C7F62E-E90A-4925-8D20-1D577F198179}
		{EF7B1E42-66FF-4346-BDDB-72E4436FCCCD} = {EF7B1E42-66FF-4346-BDDB-72E4436FCCCD}
		{2D656D44-7857-4A48-A46D-0DB5EFBC3A46} = {2D656D44-7857-4A48-A46D-0DB5EFBC3A46}
		{43619745-0A80-499E-907C-E733FF3DA2BE} = {43619745-0A80-499E-907C-E733FF3DA2BE}
		{23B3DB5C-311B-45AC-9545-C6042F919907} = {23B3DB5C-311B-45AC-9545-C6042F919907}
		{0F7F935F-E3F5-40AD-BD22-0BA43721560F} = {0F7F935F-E3F5-40AD-BD22-0BA43721560F}
		{388F5D73-0211-4A64-B501-92CDC4E32ACF} = {388F5D73-0211-4A64-B501-92CDC4E32ACF}
		{F343919C-8A05-4A0D-90F5-8B9ED197D233} = {F343919C-8A05-4A0D-90F5-8B9ED197D233}
		{6A77A7C0-FB66-4CAA-94EE-142DBA20655D} = {6A77A7C0-FB66-4CAA-94EE-142DBA20655D}
	EndProjectSection
EndProject
Project("{8BC9CEB8-8B4A-11D0-8D11-00A0C91BC942}") = "libIGraph", "libIGraph\libIGraph.vcxproj", "{E8C90D0B-0F97-485C-8765-FC14202EF252}"
EndProject
Project("{FAE04EC0-301F-11D3-BF4B-00C04F79EFBC}") = "corlib", "corlib\corlib.csproj", "{6A77A7C0-FB66-4CAA-94EE-142DBA20655D}"
EndProject
Project("{FAE04EC0-301F-11D3-BF4B-00C04F79EFBC}") = "System", "System\System.csproj", "{388F5D73-0211-4A64-B501-92CDC4E32ACF}"
EndProject
Project("{FAE04EC0-301F-11D3-BF4B-00C04F79EFBC}") = "System.Core", "System.Core\System.Core.csproj", "{2D656D44-7857-4A48-A46D-0DB5EFBC3A46}"
EndProject
Project("{FAE04EC0-301F-11D3-BF4B-00C04F79EFBC}") = "System.Drawing", "System.Drawing\System.Drawing.csproj", "{0F7F935F-E3F5-40AD-BD22-0BA43721560F}"
EndProject
Project("{FAE04EC0-301F-11D3-BF4B-00C04F79EFBC}") = "System.Windows.Forms", "System.Windows.Forms\System.Windows.Forms.csproj", "{23B3DB5C-311B-45AC-9545-C6042F919907}"
EndProject
Project("{FAE04EC0-301F-11D3-BF4B-00C04F79EFBC}") = "CustomDevice", "CustomDevice\CustomDevice.csproj", "{43619745-0A80-499E-907C-E733FF3DA2BE}"
EndProject
Project("{FAE04EC0-301F-11D3-BF4B-00C04F79EFBC}") = "test", "test\test.csproj", "{57C7F62E-E90A-4925-8D20-1D577F198179}"
EndProject
Project("{FAE04EC0-301F-11D3-BF4B-00C04F79EFBC}") = "System.Web", "System.Web\System.Web.csproj", "{F343919C-8A05-4A0D-90F5-8B9ED197D233}"
EndProject
Project("{FAE04EC0-301F-11D3-BF4B-00C04F79EFBC}") = "Astral", "Astral\Astral.csproj", "{EF7B1E42-66FF-4346-BDDB-72E4436FCCCD}"
EndProject
Global
	GlobalSection(SolutionConfigurationPlatforms) = preSolution
		Debug|Any CPU = Debug|Any CPU
		Debug|Mixed Platforms = Debug|Mixed Platforms
		Debug|Win32 = Debug|Win32
		Debug|x86 = Debug|x86
		LocalTest|Any CPU = LocalTest|Any CPU
		LocalTest|Mixed Platforms = LocalTest|Mixed Platforms
		LocalTest|Win32 = LocalTest|Win32
		LocalTest|x86 = LocalTest|x86
		Release|Any CPU = Release|Any CPU
		Release|Mixed Platforms = Release|Mixed Platforms
		Release|Win32 = Release|Win32
		Release|x86 = Release|x86
	EndGlobalSection
	GlobalSection(ProjectConfigurationPlatforms) = postSolution
		{888AAA01-F58E-4E41-8BBB-78294D9DABF7}.Debug|Any CPU.ActiveCfg = Debug|Win32
		{888AAA01-F58E-4E41-8BBB-78294D9DABF7}.Debug|Mixed Platforms.ActiveCfg = Debug|Win32
		{888AAA01-F58E-4E41-8BBB-78294D9DABF7}.Debug|Mixed Platforms.Build.0 = Debug|Win32
		{888AAA01-F58E-4E41-8BBB-78294D9DABF7}.Debug|Win32.ActiveCfg = Debug|Win32
		{888AAA01-F58E-4E41-8BBB-78294D9DABF7}.Debug|Win32.Build.0 = Debug|Win32
		{888AAA01-F58E-4E41-8BBB-78294D9DABF7}.Debug|x86.ActiveCfg = Debug|Win32
		{888AAA01-F58E-4E41-8BBB-78294D9DABF7}.LocalTest|Any CPU.ActiveCfg = Release|Win32
		{888AAA01-F58E-4E41-8BBB-78294D9DABF7}.LocalTest|Mixed Platforms.ActiveCfg = Release|Win32
		{888AAA01-F58E-4E41-8BBB-78294D9DABF7}.LocalTest|Mixed Platforms.Build.0 = Release|Win32
		{888AAA01-F58E-4E41-8BBB-78294D9DABF7}.LocalTest|Win32.ActiveCfg = Release|Win32
		{888AAA01-F58E-4E41-8BBB-78294D9DABF7}.LocalTest|Win32.Build.0 = Release|Win32
		{888AAA01-F58E-4E41-8BBB-78294D9DABF7}.LocalTest|x86.ActiveCfg = Release|Win32
		{888AAA01-F58E-4E41-8BBB-78294D9DABF7}.Release|Any CPU.ActiveCfg = Release|Win32
		{888AAA01-F58E-4E41-8BBB-78294D9DABF7}.Release|Mixed Platforms.ActiveCfg = Release|Win32
		{888AAA01-F58E-4E41-8BBB-78294D9DABF7}.Release|Mixed Platforms.Build.0 = Release|Win32
		{888AAA01-F58E-4E41-8BBB-78294D9DABF7}.Release|Win32.ActiveCfg = Release|Win32
		{888AAA01-F58E-4E41-8BBB-78294D9DABF7}.Release|Win32.Build.0 = Release|Win32
		{888AAA01-F58E-4E41-8BBB-78294D9DABF7}.Release|x86.ActiveCfg = Release|Win32
		{E8C90D0B-0F97-485C-8765-FC14202EF252}.Debug|Any CPU.ActiveCfg = Debug|Win32
		{E8C90D0B-0F97-485C-8765-FC14202EF252}.Debug|Mixed Platforms.ActiveCfg = Debug|Win32
		{E8C90D0B-0F97-485C-8765-FC14202EF252}.Debug|Mixed Platforms.Build.0 = Debug|Win32
		{E8C90D0B-0F97-485C-8765-FC14202EF252}.Debug|Win32.ActiveCfg = Debug|Win32
		{E8C90D0B-0F97-485C-8765-FC14202EF252}.Debug|Win32.Build.0 = Debug|Win32
		{E8C90D0B-0F97-485C-8765-FC14202EF252}.Debug|x86.ActiveCfg = Debug|Win32
		{E8C90D0B-0F97-485C-8765-FC14202EF252}.LocalTest|Any CPU.ActiveCfg = Release|Win32
		{E8C90D0B-0F97-485C-8765-FC14202EF252}.LocalTest|Mixed Platforms.ActiveCfg = Release|Win32
		{E8C90D0B-0F97-485C-8765-FC14202EF252}.LocalTest|Mixed Platforms.Build.0 = Release|Win32
		{E8C90D0B-0F97-485C-8765-FC14202EF252}.LocalTest|Win32.ActiveCfg = Release|Win32
		{E8C90D0B-0F97-485C-8765-FC14202EF252}.LocalTest|Win32.Build.0 = Release|Win32
		{E8C90D0B-0F97-485C-8765-FC14202EF252}.LocalTest|x86.ActiveCfg = Release|Win32
		{E8C90D0B-0F97-485C-8765-FC14202EF252}.Release|Any CPU.ActiveCfg = Release|Win32
		{E8C90D0B-0F97-485C-8765-FC14202EF252}.Release|Mixed Platforms.ActiveCfg = Release|Win32
		{E8C90D0B-0F97-485C-8765-FC14202EF252}.Release|Mixed Platforms.Build.0 = Release|Win32
		{E8C90D0B-0F97-485C-8765-FC14202EF252}.Release|Win32.ActiveCfg = Release|Win32
		{E8C90D0B-0F97-485C-8765-FC14202EF252}.Release|Win32.Build.0 = Release|Win32
		{E8C90D0B-0F97-485C-8765-FC14202EF252}.Release|x86.ActiveCfg = Release|Win32
		{6A77A7C0-FB66-4CAA-94EE-142DBA20655D}.Debug|Any CPU.ActiveCfg = Debug|Any CPU
		{6A77A7C0-FB66-4CAA-94EE-142DBA20655D}.Debug|Any CPU.Build.0 = Debug|Any CPU
		{6A77A7C0-FB66-4CAA-94EE-142DBA20655D}.Debug|Mixed Platforms.ActiveCfg = Debug|Any CPU
		{6A77A7C0-FB66-4CAA-94EE-142DBA20655D}.Debug|Mixed Platforms.Build.0 = Debug|Any CPU
		{6A77A7C0-FB66-4CAA-94EE-142DBA20655D}.Debug|Win32.ActiveCfg = Debug|Any CPU
		{6A77A7C0-FB66-4CAA-94EE-142DBA20655D}.Debug|x86.ActiveCfg = Debug|Any CPU
		{6A77A7C0-FB66-4CAA-94EE-142DBA20655D}.LocalTest|Any CPU.ActiveCfg = LocalTest|Any CPU
		{6A77A7C0-FB66-4CAA-94EE-142DBA20655D}.LocalTest|Any CPU.Build.0 = LocalTest|Any CPU
		{6A77A7C0-FB66-4CAA-94EE-142DBA20655D}.LocalTest|Mixed Platforms.ActiveCfg = LocalTest|Any CPU
		{6A77A7C0-FB66-4CAA-94EE-142DBA20655D}.LocalTest|Mixed Platforms.Build.0 = LocalTest|Any CPU
		{6A77A7C0-FB66-4CAA-94EE-142DBA20655D}.LocalTest|Win32.ActiveCfg = LocalTest|Any CPU
		{6A77A7C0-FB66-4CAA-94EE-142DBA20655D}.LocalTest|x86.ActiveCfg = LocalTest|Any CPU
		{6A77A7C0-FB66-4CAA-94EE-142DBA20655D}.Release|Any CPU.ActiveCfg = Release|Any CPU
		{6A77A7C0-FB66-4CAA-94EE-142DBA20655D}.Release|Any CPU.Build.0 = Release|Any CPU
		{6A77A7C0-FB66-4CAA-94EE-142DBA20655D}.Release|Mixed Platforms.ActiveCfg = Release|Any CPU
		{6A77A7C0-FB66-4CAA-94EE-142DBA20655D}.Release|Mixed Platforms.Build.0 = Release|Any CPU
		{6A77A7C0-FB66-4CAA-94EE-142DBA20655D}.Release|Win32.ActiveCfg = Release|Any CPU
		{6A77A7C0-FB66-4CAA-94EE-142DBA20655D}.Release|x86.ActiveCfg = Release|Any CPU
		{388F5D73-0211-4A64-B501-92CDC4E32ACF}.Debug|Any CPU.ActiveCfg = Debug|Any CPU
		{388F5D73-0211-4A64-B501-92CDC4E32ACF}.Debug|Any CPU.Build.0 = Debug|Any CPU
		{388F5D73-0211-4A64-B501-92CDC4E32ACF}.Debug|Mixed Platforms.ActiveCfg = Debug|Any CPU
		{388F5D73-0211-4A64-B501-92CDC4E32ACF}.Debug|Mixed Platforms.Build.0 = Debug|Any CPU
		{388F5D73-0211-4A64-B501-92CDC4E32ACF}.Debug|Win32.ActiveCfg = Debug|Any CPU
		{388F5D73-0211-4A64-B501-92CDC4E32ACF}.Debug|x86.ActiveCfg = Debug|Any CPU
		{388F5D73-0211-4A64-B501-92CDC4E32ACF}.LocalTest|Any CPU.ActiveCfg = Release|Any CPU
		{388F5D73-0211-4A64-B501-92CDC4E32ACF}.LocalTest|Any CPU.Build.0 = Release|Any CPU
		{388F5D73-0211-4A64-B501-92CDC4E32ACF}.LocalTest|Mixed Platforms.ActiveCfg = Release|Any CPU
		{388F5D73-0211-4A64-B501-92CDC4E32ACF}.LocalTest|Mixed Platforms.Build.0 = Release|Any CPU
		{388F5D73-0211-4A64-B501-92CDC4E32ACF}.LocalTest|Win32.ActiveCfg = Release|Any CPU
		{388F5D73-0211-4A64-B501-92CDC4E32ACF}.LocalTest|x86.ActiveCfg = Release|Any CPU
		{388F5D73-0211-4A64-B501-92CDC4E32ACF}.Release|Any CPU.ActiveCfg = Release|Any CPU
		{388F5D73-0211-4A64-B501-92CDC4E32ACF}.Release|Any CPU.Build.0 = Release|Any CPU
		{388F5D73-0211-4A64-B501-92CDC4E32ACF}.Release|Mixed Platforms.ActiveCfg = Release|Any CPU
		{388F5D73-0211-4A64-B501-92CDC4E32ACF}.Release|Mixed Platforms.Build.0 = Release|Any CPU
		{388F5D73-0211-4A64-B501-92CDC4E32ACF}.Release|Win32.ActiveCfg = Release|Any CPU
		{388F5D73-0211-4A64-B501-92CDC4E32ACF}.Release|x86.ActiveCfg = Release|Any CPU
		{2D656D44-7857-4A48-A46D-0DB5EFBC3A46}.Debug|Any CPU.ActiveCfg = Debug|Any CPU
		{2D656D44-7857-4A48-A46D-0DB5EFBC3A46}.Debug|Any CPU.Build.0 = Debug|Any CPU
		{2D656D44-7857-4A48-A46D-0DB5EFBC3A46}.Debug|Mixed Platforms.ActiveCfg = Debug|Any CPU
		{2D656D44-7857-4A48-A46D-0DB5EFBC3A46}.Debug|Mixed Platforms.Build.0 = Debug|Any CPU
		{2D656D44-7857-4A48-A46D-0DB5EFBC3A46}.Debug|Win32.ActiveCfg = Debug|Any CPU
		{2D656D44-7857-4A48-A46D-0DB5EFBC3A46}.Debug|x86.ActiveCfg = Debug|Any CPU
		{2D656D44-7857-4A48-A46D-0DB5EFBC3A46}.LocalTest|Any CPU.ActiveCfg = Release|Any CPU
		{2D656D44-7857-4A48-A46D-0DB5EFBC3A46}.LocalTest|Any CPU.Build.0 = Release|Any CPU
		{2D656D44-7857-4A48-A46D-0DB5EFBC3A46}.LocalTest|Mixed Platforms.ActiveCfg = Release|Any CPU
		{2D656D44-7857-4A48-A46D-0DB5EFBC3A46}.LocalTest|Mixed Platforms.Build.0 = Release|Any CPU
		{2D656D44-7857-4A48-A46D-0DB5EFBC3A46}.LocalTest|Win32.ActiveCfg = Release|Any CPU
		{2D656D44-7857-4A48-A46D-0DB5EFBC3A46}.LocalTest|x86.ActiveCfg = Release|Any CPU
		{2D656D44-7857-4A48-A46D-0DB5EFBC3A46}.Release|Any CPU.ActiveCfg = Release|Any CPU
		{2D656D44-7857-4A48-A46D-0DB5EFBC3A46}.Release|Any CPU.Build.0 = Release|Any CPU
		{2D656D44-7857-4A48-A46D-0DB5EFBC3A46}.Release|Mixed Platforms.ActiveCfg = Release|Any CPU
		{2D656D44-7857-4A48-A46D-0DB5EFBC3A46}.Release|Mixed Platforms.Build.0 = Release|Any CPU
		{2D656D44-7857-4A48-A46D-0DB5EFBC3A46}.Release|Win32.ActiveCfg = Release|Any CPU
		{2D656D44-7857-4A48-A46D-0DB5EFBC3A46}.Release|x86.ActiveCfg = Release|Any CPU
		{0F7F935F-E3F5-40AD-BD22-0BA43721560F}.Debug|Any CPU.ActiveCfg = Debug|Any CPU
		{0F7F935F-E3F5-40AD-BD22-0BA43721560F}.Debug|Any CPU.Build.0 = Debug|Any CPU
		{0F7F935F-E3F5-40AD-BD22-0BA43721560F}.Debug|Mixed Platforms.ActiveCfg = Debug|Any CPU
		{0F7F935F-E3F5-40AD-BD22-0BA43721560F}.Debug|Mixed Platforms.Build.0 = Debug|Any CPU
		{0F7F935F-E3F5-40AD-BD22-0BA43721560F}.Debug|Win32.ActiveCfg = Debug|Any CPU
		{0F7F935F-E3F5-40AD-BD22-0BA43721560F}.Debug|x86.ActiveCfg = Debug|Any CPU
		{0F7F935F-E3F5-40AD-BD22-0BA43721560F}.LocalTest|Any CPU.ActiveCfg = Release|Any CPU
		{0F7F935F-E3F5-40AD-BD22-0BA43721560F}.LocalTest|Any CPU.Build.0 = Release|Any CPU
		{0F7F935F-E3F5-40AD-BD22-0BA43721560F}.LocalTest|Mixed Platforms.ActiveCfg = Release|Any CPU
		{0F7F935F-E3F5-40AD-BD22-0BA43721560F}.LocalTest|Mixed Platforms.Build.0 = Release|Any CPU
		{0F7F935F-E3F5-40AD-BD22-0BA43721560F}.LocalTest|Win32.ActiveCfg = Release|Any CPU
		{0F7F935F-E3F5-40AD-BD22-0BA43721560F}.LocalTest|x86.ActiveCfg = Release|Any CPU
		{0F7F935F-E3F5-40AD-BD22-0BA43721560F}.Release|Any CPU.ActiveCfg = Release|Any CPU
		{0F7F935F-E3F5-40AD-BD22-0BA43721560F}.Release|Any CPU.Build.0 = Release|Any CPU
		{0F7F935F-E3F5-40AD-BD22-0BA43721560F}.Release|Mixed Platforms.ActiveCfg = Release|Any CPU
		{0F7F935F-E3F5-40AD-BD22-0BA43721560F}.Release|Mixed Platforms.Build.0 = Release|Any CPU
		{0F7F935F-E3F5-40AD-BD22-0BA43721560F}.Release|Win32.ActiveCfg = Release|Any CPU
		{0F7F935F-E3F5-40AD-BD22-0BA43721560F}.Release|x86.ActiveCfg = Release|Any CPU
		{23B3DB5C-311B-45AC-9545-C6042F919907}.Debug|Any CPU.ActiveCfg = Debug|Any CPU
		{23B3DB5C-311B-45AC-9545-C6042F919907}.Debug|Any CPU.Build.0 = Debug|Any CPU
		{23B3DB5C-311B-45AC-9545-C6042F919907}.Debug|Mixed Platforms.ActiveCfg = Debug|Any CPU
		{23B3DB5C-311B-45AC-9545-C6042F919907}.Debug|Mixed Platforms.Build.0 = Debug|Any CPU
		{23B3DB5C-311B-45AC-9545-C6042F919907}.Debug|Win32.ActiveCfg = Debug|Any CPU
		{23B3DB5C-311B-45AC-9545-C6042F919907}.Debug|x86.ActiveCfg = Debug|Any CPU
		{23B3DB5C-311B-45AC-9545-C6042F919907}.LocalTest|Any CPU.ActiveCfg = Release|Any CPU
		{23B3DB5C-311B-45AC-9545-C6042F919907}.LocalTest|Any CPU.Build.0 = Release|Any CPU
		{23B3DB5C-311B-45AC-9545-C6042F919907}.LocalTest|Mixed Platforms.ActiveCfg = Release|Any CPU
		{23B3DB5C-311B-45AC-9545-C6042F919907}.LocalTest|Mixed Platforms.Build.0 = Release|Any CPU
		{23B3DB5C-311B-45AC-9545-C6042F919907}.LocalTest|Win32.ActiveCfg = Release|Any CPU
		{23B3DB5C-311B-45AC-9545-C6042F919907}.LocalTest|x86.ActiveCfg = Release|Any CPU
		{23B3DB5C-311B-45AC-9545-C6042F919907}.Release|Any CPU.ActiveCfg = Release|Any CPU
		{23B3DB5C-311B-45AC-9545-C6042F919907}.Release|Any CPU.Build.0 = Release|Any CPU
		{23B3DB5C-311B-45AC-9545-C6042F919907}.Release|Mixed Platforms.ActiveCfg = Release|Any CPU
		{23B3DB5C-311B-45AC-9545-C6042F919907}.Release|Mixed Platforms.Build.0 = Release|Any CPU
		{23B3DB5C-311B-45AC-9545-C6042F919907}.Release|Win32.ActiveCfg = Release|Any CPU
		{23B3DB5C-311B-45AC-9545-C6042F919907}.Release|x86.ActiveCfg = Release|Any CPU
		{43619745-0A80-499E-907C-E733FF3DA2BE}.Debug|Any CPU.ActiveCfg = Debug|Any CPU
		{43619745-0A80-499E-907C-E733FF3DA2BE}.Debug|Any CPU.Build.0 = Debug|Any CPU
		{43619745-0A80-499E-907C-E733FF3DA2BE}.Debug|Mixed Platforms.ActiveCfg = Debug|Any CPU
		{43619745-0A80-499E-907C-E733FF3DA2BE}.Debug|Mixed Platforms.Build.0 = Debug|Any CPU
		{43619745-0A80-499E-907C-E733FF3DA2BE}.Debug|Win32.ActiveCfg = Debug|Any CPU
		{43619745-0A80-499E-907C-E733FF3DA2BE}.Debug|x86.ActiveCfg = Debug|Any CPU
		{43619745-0A80-499E-907C-E733FF3DA2BE}.LocalTest|Any CPU.ActiveCfg = Release|Any CPU
		{43619745-0A80-499E-907C-E733FF3DA2BE}.LocalTest|Any CPU.Build.0 = Release|Any CPU
		{43619745-0A80-499E-907C-E733FF3DA2BE}.LocalTest|Mixed Platforms.ActiveCfg = Release|Any CPU
		{43619745-0A80-499E-907C-E733FF3DA2BE}.LocalTest|Mixed Platforms.Build.0 = Release|Any CPU
		{43619745-0A80-499E-907C-E733FF3DA2BE}.LocalTest|Win32.ActiveCfg = Release|Any CPU
		{43619745-0A80-499E-907C-E733FF3DA2BE}.LocalTest|x86.ActiveCfg = Release|Any CPU
		{43619745-0A80-499E-907C-E733FF3DA2BE}.Release|Any CPU.ActiveCfg = Release|Any CPU
		{43619745-0A80-499E-907C-E733FF3DA2BE}.Release|Any CPU.Build.0 = Release|Any CPU
		{43619745-0A80-499E-907C-E733FF3DA2BE}.Release|Mixed Platforms.ActiveCfg = Release|Any CPU
		{43619745-0A80-499E-907C-E733FF3DA2BE}.Release|Mixed Platforms.Build.0 = Release|Any CPU
		{43619745-0A80-499E-907C-E733FF3DA2BE}.Release|Win32.ActiveCfg = Release|Any CPU
		{43619745-0A80-499E-907C-E733FF3DA2BE}.Release|x86.ActiveCfg = Release|Any CPU
		{57C7F62E-E90A-4925-8D20-1D577F198179}.Debug|Any CPU.ActiveCfg = Debug|x86
		{57C7F62E-E90A-4925-8D20-1D577F198179}.Debug|Mixed Platforms.ActiveCfg = Debug|x86
		{57C7F62E-E90A-4925-8D20-1D577F198179}.Debug|Mixed Platforms.Build.0 = Debug|x86
		{57C7F62E-E90A-4925-8D20-1D577F198179}.Debug|Win32.ActiveCfg = Debug|x86
		{57C7F62E-E90A-4925-8D20-1D577F198179}.Debug|x86.ActiveCfg = Debug|x86
		{57C7F62E-E90A-4925-8D20-1D577F198179}.Debug|x86.Build.0 = Debug|x86
		{57C7F62E-E90A-4925-8D20-1D577F198179}.LocalTest|Any CPU.ActiveCfg = Release|x86
		{57C7F62E-E90A-4925-8D20-1D577F198179}.LocalTest|Mixed Platforms.ActiveCfg = Release|x86
		{57C7F62E-E90A-4925-8D20-1D577F198179}.LocalTest|Mixed Platforms.Build.0 = Release|x86
		{57C7F62E-E90A-4925-8D20-1D577F198179}.LocalTest|Win32.ActiveCfg = Release|x86
		{57C7F62E-E90A-4925-8D20-1D577F198179}.LocalTest|x86.ActiveCfg = Release|x86
		{57C7F62E-E90A-4925-8D20-1D577F198179}.LocalTest|x86.Build.0 = Release|x86
		{57C7F62E-E90A-4925-8D20-1D577F198179}.Release|Any CPU.ActiveCfg = Release|x86
		{57C7F62E-E90A-4925-8D20-1D577F198179}.Release|Mixed Platforms.ActiveCfg = Release|x86
		{57C7F62E-E90A-4925-8D20-1D577F198179}.Release|Mixed Platforms.Build.0 = Release|x86
		{57C7F62E-E90A-4925-8D20-1D577F198179}.Release|Win32.ActiveCfg = Release|x86
		{57C7F62E-E90A-4925-8D20-1D577F198179}.Release|x86.ActiveCfg = Release|x86
		{57C7F62E-E90A-4925-8D20-1D577F198179}.Release|x86.Build.0 = Release|x86
		{F343919C-8A05-4A0D-90F5-8B9ED197D233}.Debug|Any CPU.ActiveCfg = Debug|Any CPU
		{F343919C-8A05-4A0D-90F5-8B9ED197D233}.Debug|Any CPU.Build.0 = Debug|Any CPU
		{F343919C-8A05-4A0D-90F5-8B9ED197D233}.Debug|Mixed Platforms.ActiveCfg = Debug|Any CPU
		{F343919C-8A05-4A0D-90F5-8B9ED197D233}.Debug|Mixed Platforms.Build.0 = Debug|Any CPU
		{F343919C-8A05-4A0D-90F5-8B9ED197D233}.Debug|Win32.ActiveCfg = Debug|Any CPU
		{F343919C-8A05-4A0D-90F5-8B9ED197D233}.Debug|x86.ActiveCfg = Debug|Any CPU
		{F343919C-8A05-4A0D-90F5-8B9ED197D233}.LocalTest|Any CPU.ActiveCfg = Release|Any CPU
		{F343919C-8A05-4A0D-90F5-8B9ED197D233}.LocalTest|Any CPU.Build.0 = Release|Any CPU
		{F343919C-8A05-4A0D-90F5-8B9ED197D233}.LocalTest|Mixed Platforms.ActiveCfg = Release|Any CPU
		{F343919C-8A05-4A0D-90F5-8B9ED197D233}.LocalTest|Mixed Platforms.Build.0 = Release|Any CPU
		{F343919C-8A05-4A0D-90F5-8B9ED197D233}.LocalTest|Win32.ActiveCfg = Release|Any CPU
		{F343919C-8A05-4A0D-90F5-8B9ED197D233}.LocalTest|x86.ActiveCfg = Release|Any CPU
		{F343919C-8A05-4A0D-90F5-8B9ED197D233}.Release|Any CPU.ActiveCfg = Release|Any CPU
		{F343919C-8A05-4A0D-90F5-8B9ED197D233}.Release|Any CPU.Build.0 = Release|Any CPU
		{F343919C-8A05-4A0D-90F5-8B9ED197D233}.Release|Mixed Platforms.ActiveCfg = Release|Any CPU
		{F343919C-8A05-4A0D-90F5-8B9ED197D233}.Release|Mixed Platforms.Build.0 = Release|Any CPU
		{F343919C-8A05-4A0D-90F5-8B9ED197D233}.Release|Win32.ActiveCfg = Release|Any CPU
		{F343919C-8A05-4A0D-90F5-8B9ED197D233}.Release|x86.ActiveCfg = Release|Any CPU
		{EF7B1E42-66FF-4346-BDDB-72E4436FCCCD}.Debug|Any CPU.ActiveCfg = Debug|x86
		{EF7B1E42-66FF-4346-BDDB-72E4436FCCCD}.Debug|Mixed Platforms.ActiveCfg = Debug|x86
		{EF7B1E42-66FF-4346-BDDB-72E4436FCCCD}.Debug|Mixed Platforms.Build.0 = Debug|x86
		{EF7B1E42-66FF-4346-BDDB-72E4436FCCCD}.Debug|Win32.ActiveCfg = Debug|x86
		{EF7B1E42-66FF-4346-BDDB-72E4436FCCCD}.Debug|x86.ActiveCfg = Debug|x86
		{EF7B1E42-66FF-4346-BDDB-72E4436FCCCD}.Debug|x86.Build.0 = Debug|x86
		{EF7B1E42-66FF-4346-BDDB-72E4436FCCCD}.LocalTest|Any CPU.ActiveCfg = Release|x86
		{EF7B1E42-66FF-4346-BDDB-72E4436FCCCD}.LocalTest|Mixed Platforms.ActiveCfg = Release|x86
		{EF7B1E42-66FF-4346-BDDB-72E4436FCCCD}.LocalTest|Mixed Platforms.Build.0 = Release|x86
		{EF7B1E42-66FF-4346-BDDB-72E4436FCCCD}.LocalTest|Win32.ActiveCfg = Release|x86
		{EF7B1E42-66FF-4346-BDDB-72E4436FCCCD}.LocalTest|x86.ActiveCfg = Release|x86
		{EF7B1E42-66FF-4346-BDDB-72E4436FCCCD}.LocalTest|x86.Build.0 = Release|x86
		{EF7B1E42-66FF-4346-BDDB-72E4436FCCCD}.Release|Any CPU.ActiveCfg = Release|x86
		{EF7B1E42-66FF-4346-BDDB-72E4436FCCCD}.Release|Mixed Platforms.ActiveCfg = Release|x86
		{EF7B1E42-66FF-4346-BDDB-72E4436FCCCD}.Release|Mixed Platforms.Build.0 = Release|x86
		{EF7B1E42-66FF-4346-BDDB-72E4436FCCCD}.Release|Win32.ActiveCfg = Release|x86
		{EF7B1E42-66FF-4346-BDDB-72E4436FCCCD}.Release|x86.ActiveCfg = Release|x86
		{EF7B1E42-66FF-4346-BDDB-72E4436FCCCD}.Release|x86.Build.0 = Release|x86
	EndGlobalSection
	GlobalSection(SolutionProperties) = preSolution
		HideSolutionNode = FALSE
	EndGlobalSection
EndGlobal
